
Microsoft Visual Studio Solution File, Format Version 12.00
# Visual Studio Version 17
VisualStudioVersion = 17.5.002.0
MinimumVisualStudioVersion = 10.0.40219.1
Project("{2150E333-8FDC-42A3-9474-1A3956D46DE8}") = "csharp-prep", "csharp-prep", "{2982F1BD-B7EC-42A7-85C2-981AD9F800DE}"
EndProject
Project("{9A19103F-16F7-4668-BE54-9A1E7A4F7556}") = "Prep1", "csharp-prep\Prep1\Prep1.csproj", "{EBB1624A-5878-4240-A062-6E7B1F6E8C8B}"
EndProject
Project("{9A19103F-16F7-4668-BE54-9A1E7A4F7556}") = "Prep2", "csharp-prep\Prep2\Prep2.csproj", "{0BFDF73B-4ECE-44AA-9B84-A63ACD8F9138}"
EndProject
Project("{9A19103F-16F7-4668-BE54-9A1E7A4F7556}") = "Prep3", "csharp-prep\Prep3\Prep3.csproj", "{627493F5-92AA-4280-B5B2-86B0E652747A}"
EndProject
Project("{9A19103F-16F7-4668-BE54-9A1E7A4F7556}") = "Prep4", "csharp-prep\Prep4\Prep4.csproj", "{768F5F96-B947-4E54-BB16-BF06F1C8B25E}"
EndProject
Project("{9A19103F-16F7-4668-BE54-9A1E7A4F7556}") = "Prep5", "csharp-prep\Prep5\Prep5.csproj", "{90FC60D9-DD7D-4669-8D68-EFBC6B3E8CB9}"
EndProject
Project("{2150E333-8FDC-42A3-9474-1A3956D46DE8}") = "final", "final", "{C81DB233-DD3C-4243-BF0A-88CF39B4678D}"
EndProject
Project("{9A19103F-16F7-4668-BE54-9A1E7A4F7556}") = "FinalProject", "final\FinalProject\FinalProject.csproj", "{6B762605-2DD9-44DB-B937-53E2DCA3872D}"
EndProject
Project("{9A19103F-16F7-4668-BE54-9A1E7A4F7556}") = "Foundation1", "final\Foundation1\Foundation1.csproj", "{5DCCEA47-D09A-493B-9C21-6E459408E444}"
EndProject
Project("{9A19103F-16F7-4668-BE54-9A1E7A4F7556}") = "Foundation2", "final\Foundation2\Foundation2.csproj", "{2CE0AC09-E471-4A71-BE34-ED7F9F1C22BD}"
EndProject
Project("{9A19103F-16F7-4668-BE54-9A1E7A4F7556}") = "Foundation3", "final\Foundation3\Foundation3.csproj", "{ED413D05-5183-4F3E-BDE4-79C2AF57E530}"
EndProject
Project("{9A19103F-16F7-4668-BE54-9A1E7A4F7556}") = "Foundation4", "final\Foundation4\Foundation4.csproj", "{644D0EBC-93EA-49C7-9906-DA0AC459B41C}"
EndProject
Project("{2150E333-8FDC-42A3-9474-1A3956D46DE8}") = "prepare", "prepare", "{E99C6A28-C0DD-4600-8350-9EB5FFC811FB}"
EndProject
Project("{9A19103F-16F7-4668-BE54-9A1E7A4F7556}") = "Learning02", "prepare\Learning02\Learning02.csproj", "{6D09300B-CCA3-4E5D-B9DC-FC0CDFC44318}"
EndProject
Project("{9A19103F-16F7-4668-BE54-9A1E7A4F7556}") = "Learning03", "prepare\Learning03\Learning03.csproj", "{6EE43C53-3F1E-47F4-88A0-7AE2D452B6C1}"
EndProject
Project("{9A19103F-16F7-4668-BE54-9A1E7A4F7556}") = "Learning04", "prepare\Learning04\Learning04.csproj", "{D5886965-D4E0-47E6-8937-44D301705A93}"
EndProject
Project("{9A19103F-16F7-4668-BE54-9A1E7A4F7556}") = "Learning05", "prepare\Learning05\Learning05.csproj", "{094FE998-A32D-4DED-B8D6-B67E7851B277}"
EndProject
Project("{2150E333-8FDC-42A3-9474-1A3956D46DE8}") = "prove", "prove", "{F99568BF-F1C4-47E9-8E4C-2FCBB8094B69}"
EndProject
Project("{9A19103F-16F7-4668-BE54-9A1E7A4F7556}") = "Develop02", "prove\Develop02\Develop02.csproj", "{A65901A1-8DD0-40F9-BCEE-4E73913C4CC2}"
EndProject
Project("{9A19103F-16F7-4668-BE54-9A1E7A4F7556}") = "Develop03", "prove\Develop03\Develop03.csproj", "{0F2262CB-EB2C-4FE2-971F-3A3DCB0D914E}"
EndProject
Project("{9A19103F-16F7-4668-BE54-9A1E7A4F7556}") = "Develop04", "prove\Develop04\Develop04.csproj", "{2AD8A061-BF35-4CBA-8CDD-24509CDDFB96}"
EndProject
Project("{9A19103F-16F7-4668-BE54-9A1E7A4F7556}") = "Develop05", "prove\Develop05\Develop05.csproj", "{E3B27DE2-6468-427F-943E-F74EA48CCDD1}"
EndProject
Project("{2150E333-8FDC-42A3-9474-1A3956D46DE8}") = "sandbox", "sandbox", "{129B1CD7-05BE-4898-88F1-DB82A8DCA21B}"
EndProject
Project("{9A19103F-16F7-4668-BE54-9A1E7A4F7556}") = "Sandbox", "sandbox\Sandbox\Sandbox.csproj", "{77D0F958-CBF4-4202-8ED6-027A245F3EBF}"
EndProject
Global
	GlobalSection(SolutionConfigurationPlatforms) = preSolution
		Debug|Any CPU = Debug|Any CPU
		Release|Any CPU = Release|Any CPU
	EndGlobalSection
	GlobalSection(ProjectConfigurationPlatforms) = postSolution
		{EBB1624A-5878-4240-A062-6E7B1F6E8C8B}.Debug|Any CPU.ActiveCfg = Debug|Any CPU
		{EBB1624A-5878-4240-A062-6E7B1F6E8C8B}.Debug|Any CPU.Build.0 = Debug|Any CPU
		{EBB1624A-5878-4240-A062-6E7B1F6E8C8B}.Release|Any CPU.ActiveCfg = Release|Any CPU
		{EBB1624A-5878-4240-A062-6E7B1F6E8C8B}.Release|Any CPU.Build.0 = Release|Any CPU
		{0BFDF73B-4ECE-44AA-9B84-A63ACD8F9138}.Debug|Any CPU.ActiveCfg = Debug|Any CPU
		{0BFDF73B-4ECE-44AA-9B84-A63ACD8F9138}.Debug|Any CPU.Build.0 = Debug|Any CPU
		{0BFDF73B-4ECE-44AA-9B84-A63ACD8F9138}.Release|Any CPU.ActiveCfg = Release|Any CPU
		{0BFDF73B-4ECE-44AA-9B84-A63ACD8F9138}.Release|Any CPU.Build.0 = Release|Any CPU
		{627493F5-92AA-4280-B5B2-86B0E652747A}.Debug|Any CPU.ActiveCfg = Debug|Any CPU
		{627493F5-92AA-4280-B5B2-86B0E652747A}.Debug|Any CPU.Build.0 = Debug|Any CPU
		{627493F5-92AA-4280-B5B2-86B0E652747A}.Release|Any CPU.ActiveCfg = Release|Any CPU
		{627493F5-92AA-4280-B5B2-86B0E652747A}.Release|Any CPU.Build.0 = Release|Any CPU
		{768F5F96-B947-4E54-BB16-BF06F1C8B25E}.Debug|Any CPU.ActiveCfg = Debug|Any CPU
		{768F5F96-B947-4E54-BB16-BF06F1C8B25E}.Debug|Any CPU.Build.0 = Debug|Any CPU
		{768F5F96-B947-4E54-BB16-BF06F1C8B25E}.Release|Any CPU.ActiveCfg = Release|Any CPU
		{768F5F96-B947-4E54-BB16-BF06F1C8B25E}.Release|Any CPU.Build.0 = Release|Any CPU
		{90FC60D9-DD7D-4669-8D68-EFBC6B3E8CB9}.Debug|Any CPU.ActiveCfg = Debug|Any CPU
		{90FC60D9-DD7D-4669-8D68-EFBC6B3E8CB9}.Debug|Any CPU.Build.0 = Debug|Any CPU
		{90FC60D9-DD7D-4669-8D68-EFBC6B3E8CB9}.Release|Any CPU.ActiveCfg = Release|Any CPU
		{90FC60D9-DD7D-4669-8D68-EFBC6B3E8CB9}.Release|Any CPU.Build.0 = Release|Any CPU
		{6B762605-2DD9-44DB-B937-53E2DCA3872D}.Debug|Any CPU.ActiveCfg = Debug|Any CPU
		{6B762605-2DD9-44DB-B937-53E2DCA3872D}.Debug|Any CPU.Build.0 = Debug|Any CPU
		{6B762605-2DD9-44DB-B937-53E2DCA3872D}.Release|Any CPU.ActiveCfg = Release|Any CPU
		{6B762605-2DD9-44DB-B937-53E2DCA3872D}.Release|Any CPU.Build.0 = Release|Any CPU
		{5DCCEA47-D09A-493B-9C21-6E459408E444}.Debug|Any CPU.ActiveCfg = Debug|Any CPU
		{5DCCEA47-D09A-493B-9C21-6E459408E444}.Debug|Any CPU.Build.0 = Debug|Any CPU
		{5DCCEA47-D09A-493B-9C21-6E459408E444}.Release|Any CPU.ActiveCfg = Release|Any CPU
		{5DCCEA47-D09A-493B-9C21-6E459408E444}.Release|Any CPU.Build.0 = Release|Any CPU
		{2CE0AC09-E471-4A71-BE34-ED7F9F1C22BD}.Debug|Any CPU.ActiveCfg = Debug|Any CPU
		{2CE0AC09-E471-4A71-BE34-ED7F9F1C22BD}.Debug|Any CPU.Build.0 = Debug|Any CPU
		{2CE0AC09-E471-4A71-BE34-ED7F9F1C22BD}.Release|Any CPU.ActiveCfg = Release|Any CPU
		{2CE0AC09-E471-4A71-BE34-ED7F9F1C22BD}.Release|Any CPU.Build.0 = Release|Any CPU
		{ED413D05-5183-4F3E-BDE4-79C2AF57E530}.Debug|Any CPU.ActiveCfg = Debug|Any CPU
		{ED413D05-5183-4F3E-BDE4-79C2AF57E530}.Debug|Any CPU.Build.0 = Debug|Any CPU
		{ED413D05-5183-4F3E-BDE4-79C2AF57E530}.Release|Any CPU.ActiveCfg = Release|Any CPU
		{ED413D05-5183-4F3E-BDE4-79C2AF57E530}.Release|Any CPU.Build.0 = Release|Any CPU
		{644D0EBC-93EA-49C7-9906-DA0AC459B41C}.Debug|Any CPU.ActiveCfg = Debug|Any CPU
		{644D0EBC-93EA-49C7-9906-DA0AC459B41C}.Debug|Any CPU.Build.0 = Debug|Any CPU
		{644D0EBC-93EA-49C7-9906-DA0AC459B41C}.Release|Any CPU.ActiveCfg = Release|Any CPU
		{644D0EBC-93EA-49C7-9906-DA0AC459B41C}.Release|Any CPU.Build.0 = Release|Any CPU
		{6D09300B-CCA3-4E5D-B9DC-FC0CDFC44318}.Debug|Any CPU.ActiveCfg = Debug|Any CPU
		{6D09300B-CCA3-4E5D-B9DC-FC0CDFC44318}.Debug|Any CPU.Build.0 = Debug|Any CPU
		{6D09300B-CCA3-4E5D-B9DC-FC0CDFC44318}.Release|Any CPU.ActiveCfg = Release|Any CPU
		{6D09300B-CCA3-4E5D-B9DC-FC0CDFC44318}.Release|Any CPU.Build.0 = Release|Any CPU
		{6EE43C53-3F1E-47F4-88A0-7AE2D452B6C1}.Debug|Any CPU.ActiveCfg = Debug|Any CPU
		{6EE43C53-3F1E-47F4-88A0-7AE2D452B6C1}.Debug|Any CPU.Build.0 = Debug|Any CPU
		{6EE43C53-3F1E-47F4-88A0-7AE2D452B6C1}.Release|Any CPU.ActiveCfg = Release|Any CPU
		{6EE43C53-3F1E-47F4-88A0-7AE2D452B6C1}.Release|Any CPU.Build.0 = Release|Any CPU
		{D5886965-D4E0-47E6-8937-44D301705A93}.Debug|Any CPU.ActiveCfg = Debug|Any CPU
		{D5886965-D4E0-47E6-8937-44D301705A93}.Debug|Any CPU.Build.0 = Debug|Any CPU
		{D5886965-D4E0-47E6-8937-44D301705A93}.Release|Any CPU.ActiveCfg = Release|Any CPU
		{D5886965-D4E0-47E6-8937-44D301705A93}.Release|Any CPU.Build.0 = Release|Any CPU
		{094FE998-A32D-4DED-B8D6-B67E7851B277}.Debug|Any CPU.ActiveCfg = Debug|Any CPU
		{094FE998-A32D-4DED-B8D6-B67E7851B277}.Debug|Any CPU.Build.0 = Debug|Any CPU
		{094FE998-A32D-4DED-B8D6-B67E7851B277}.Release|Any CPU.ActiveCfg = Release|Any CPU
		{094FE998-A32D-4DED-B8D6-B67E7851B277}.Release|Any CPU.Build.0 = Release|Any CPU
		{A65901A1-8DD0-40F9-BCEE-4E73913C4CC2}.Debug|Any CPU.ActiveCfg = Debug|Any CPU
		{A65901A1-8DD0-40F9-BCEE-4E73913C4CC2}.Debug|Any CPU.Build.0 = Debug|Any CPU
		{A65901A1-8DD0-40F9-BCEE-4E73913C4CC2}.Release|Any CPU.ActiveCfg = Release|Any CPU
		{A65901A1-8DD0-40F9-BCEE-4E73913C4CC2}.Release|Any CPU.Build.0 = Release|Any CPU
		{0F2262CB-EB2C-4FE2-971F-3A3DCB0D914E}.Debug|Any CPU.ActiveCfg = Debug|Any CPU
		{0F2262CB-EB2C-4FE2-971F-3A3DCB0D914E}.Debug|Any CPU.Build.0 = Debug|Any CPU
		{0F2262CB-EB2C-4FE2-971F-3A3DCB0D914E}.Release|Any CPU.ActiveCfg = Release|Any CPU
		{0F2262CB-EB2C-4FE2-971F-3A3DCB0D914E}.Release|Any CPU.Build.0 = Release|Any CPU
		{2AD8A061-BF35-4CBA-8CDD-24509CDDFB96}.Debug|Any CPU.ActiveCfg = Debug|Any CPU
		{2AD8A061-BF35-4CBA-8CDD-24509CDDFB96}.Debug|Any CPU.Build.0 = Debug|Any CPU
		{2AD8A061-BF35-4CBA-8CDD-24509CDDFB96}.Release|Any CPU.ActiveCfg = Release|Any CPU
		{2AD8A061-BF35-4CBA-8CDD-24509CDDFB96}.Release|Any CPU.Build.0 = Release|Any CPU
		{E3B27DE2-6468-427F-943E-F74EA48CCDD1}.Debug|Any CPU.ActiveCfg = Debug|Any CPU
		{E3B27DE2-6468-427F-943E-F74EA48CCDD1}.Debug|Any CPU.Build.0 = Debug|Any CPU
		{E3B27DE2-6468-427F-943E-F74EA48CCDD1}.Release|Any CPU.ActiveCfg = Release|Any CPU
		{E3B27DE2-6468-427F-943E-F74EA48CCDD1}.Release|Any CPU.Build.0 = Release|Any CPU
		{77D0F958-CBF4-4202-8ED6-027A245F3EBF}.Debug|Any CPU.ActiveCfg = Debug|Any CPU
		{77D0F958-CBF4-4202-8ED6-027A245F3EBF}.Debug|Any CPU.Build.0 = Debug|Any CPU
		{77D0F958-CBF4-4202-8ED6-027A245F3EBF}.Release|Any CPU.ActiveCfg = Release|Any CPU
		{77D0F958-CBF4-4202-8ED6-027A245F3EBF}.Release|Any CPU.Build.0 = Release|Any CPU
	EndGlobalSection
	GlobalSection(SolutionProperties) = preSolution
		HideSolutionNode = FALSE
	EndGlobalSection
	GlobalSection(NestedProjects) = preSolution
		{EBB1624A-5878-4240-A062-6E7B1F6E8C8B} = {2982F1BD-B7EC-42A7-85C2-981AD9F800DE}
		{0BFDF73B-4ECE-44AA-9B84-A63ACD8F9138} = {2982F1BD-B7EC-42A7-85C2-981AD9F800DE}
		{627493F5-92AA-4280-B5B2-86B0E652747A} = {2982F1BD-B7EC-42A7-85C2-981AD9F800DE}
		{768F5F96-B947-4E54-BB16-BF06F1C8B25E} = {2982F1BD-B7EC-42A7-85C2-981AD9F800DE}
		{90FC60D9-DD7D-4669-8D68-EFBC6B3E8CB9} = {2982F1BD-B7EC-42A7-85C2-981AD9F800DE}
		{6B762605-2DD9-44DB-B937-53E2DCA3872D} = {C81DB233-DD3C-4243-BF0A-88CF39B4678D}
		{5DCCEA47-D09A-493B-9C21-6E459408E444} = {C81DB233-DD3C-4243-BF0A-88CF39B4678D}
		{2CE0AC09-E471-4A71-BE34-ED7F9F1C22BD} = {C81DB233-DD3C-4243-BF0A-88CF39B4678D}
		{ED413D05-5183-4F3E-BDE4-79C2AF57E530} = {C81DB233-DD3C-4243-BF0A-88CF39B4678D}
		{644D0EBC-93EA-49C7-9906-DA0AC459B41C} = {C81DB233-DD3C-4243-BF0A-88CF39B4678D}
		{6D09300B-CCA3-4E5D-B9DC-FC0CDFC44318} = {E99C6A28-C0DD-4600-8350-9EB5FFC811FB}
		{6EE43C53-3F1E-47F4-88A0-7AE2D452B6C1} = {E99C6A28-C0DD-4600-8350-9EB5FFC811FB}
		{D5886965-D4E0-47E6-8937-44D301705A93} = {E99C6A28-C0DD-4600-8350-9EB5FFC811FB}
		{094FE998-A32D-4DED-B8D6-B67E7851B277} = {E99C6A28-C0DD-4600-8350-9EB5FFC811FB}
		{A65901A1-8DD0-40F9-BCEE-4E73913C4CC2} = {F99568BF-F1C4-47E9-8E4C-2FCBB8094B69}
		{0F2262CB-EB2C-4FE2-971F-3A3DCB0D914E} = {F99568BF-F1C4-47E9-8E4C-2FCBB8094B69}
		{2AD8A061-BF35-4CBA-8CDD-24509CDDFB96} = {F99568BF-F1C4-47E9-8E4C-2FCBB8094B69}
		{E3B27DE2-6468-427F-943E-F74EA48CCDD1} = {F99568BF-F1C4-47E9-8E4C-2FCBB8094B69}
		{77D0F958-CBF4-4202-8ED6-027A245F3EBF} = {129B1CD7-05BE-4898-88F1-DB82A8DCA21B}
	EndGlobalSection
	GlobalSection(ExtensibilityGlobals) = postSolution
		SolutionGuid = {37071E7A-5D26-473A-A889-BD1409A9255D}
	EndGlobalSection
EndGlobal
